
Microsoft Visual Studio Solution File, Format Version 12.00
# Visual Studio Version 16
VisualStudioVersion = 16.0.30413.136
MinimumVisualStudioVersion = 10.0.40219.1
Project("{FAE04EC0-301F-11D3-BF4B-00C04F79EFBC}") = "ExtractFabItemOptions", "ExtractFabItemOptions.csproj", "{B8529F95-BE28-4490-82B5-A4297F917729}"
EndProject
Global
	GlobalSection(SolutionConfigurationPlatforms) = preSolution
		Debug|Any CPU = Debug|Any CPU
		Release|Any CPU = Release|Any CPU
		2019|Any CPU = 2019|Any CPU
		2020|Any CPU = 2020|Any CPU
		2021|Any CPU = 2021|Any CPU
		2022|Any CPU = 2022|Any CPU
		2023|Any CPU = 2023|Any CPU
		2024|Any CPU = 2024|Any CPU
		2025|Any CPU = 2025|Any CPU
		2026|Any CPU = 2026|Any CPU
		2027|Any CPU = 2027|Any CPU
		2028|Any CPU = 2028|Any CPU
		2029|Any CPU = 2029|Any CPU
	EndGlobalSection
	GlobalSection(ProjectConfigurationPlatforms) = postSolution
		{B8529F95-BE28-4490-82B5-A4297F917729}.Debug|Any CPU.ActiveCfg = Debug|Any CPU
		{B8529F95-BE28-4490-82B5-A4297F917729}.Debug|Any CPU.Build.0 = Debug|Any CPU
		{B8529F95-BE28-4490-82B5-A4297F917729}.Release|Any CPU.ActiveCfg = Release|Any CPU
		{B8529F95-BE28-4490-82B5-A4297F917729}.Release|Any CPU.Build.0 = Release|Any CPU
		{B8529F95-BE28-4490-82B5-A4297F917729}.2019|Any CPU.ActiveCfg = 2019|Any CPU
		{B8529F95-BE28-4490-82B5-A4297F917729}.2019|Any CPU.Build.0 = 2019|Any CPU
		{B8529F95-BE28-4490-82B5-A4297F917729}.2020|Any CPU.ActiveCfg = 2020|Any CPU
		{B8529F95-BE28-4490-82B5-A4297F917729}.2020|Any CPU.Build.0 = 2020|Any CPU
		{B8529F95-BE28-4490-82B5-A4297F917729}.2021|Any CPU.ActiveCfg = 2021|Any CPU
		{B8529F95-BE28-4490-82B5-A4297F917729}.2021|Any CPU.Build.0 = 2021|Any CPU
		{B8529F95-BE28-4490-82B5-A4297F917729}.2022|Any CPU.ActiveCfg = 2022|Any CPU
		{B8529F95-BE28-4490-82B5-A4297F917729}.2022|Any CPU.Build.0 = 2022|Any CPU
		{B8529F95-BE28-4490-82B5-A4297F917729}.2023|Any CPU.ActiveCfg = 2023|Any CPU
		{B8529F95-BE28-4490-82B5-A4297F917729}.2023|Any CPU.Build.0 = 2023|Any CPU
		{B8529F95-BE28-4490-82B5-A4297F917729}.2024|Any CPU.ActiveCfg = 2024|Any CPU
		{B8529F95-BE28-4490-82B5-A4297F917729}.2024|Any CPU.Build.0 = 2024|Any CPU
		{B8529F95-BE28-4490-82B5-A4297F917729}.2025|Any CPU.ActiveCfg = 2025|Any CPU
		{B8529F95-BE28-4490-82B5-A4297F917729}.2025|Any CPU.Build.0 = 2025|Any CPU
		{B8529F95-BE28-4490-82B5-A4297F917729}.2026|Any CPU.ActiveCfg = 2026|Any CPU
		{B8529F95-BE28-4490-82B5-A4297F917729}.2026|Any CPU.Build.0 = 2026|Any CPU
		{B8529F95-BE28-4490-82B5-A4297F917729}.2027|Any CPU.ActiveCfg = 2027|Any CPU
		{B8529F95-BE28-4490-82B5-A4297F917729}.2027|Any CPU.Build.0 = 2027|Any CPU
		{B8529F95-BE28-4490-82B5-A4297F917729}.2028|Any CPU.ActiveCfg = 2028|Any CPU
		{B8529F95-BE28-4490-82B5-A4297F917729}.2028|Any CPU.Build.0 = 2028|Any CPU
		{B8529F95-BE28-4490-82B5-A4297F917729}.2029|Any CPU.ActiveCfg = 2029|Any CPU
		{B8529F95-BE28-4490-82B5-A4297F917729}.2029|Any CPU.Build.0 = 2029|Any CPU
	EndGlobalSection
	GlobalSection(SolutionProperties) = preSolution
		HideSolutionNode = FALSE
	EndGlobalSection
	GlobalSection(ExtensibilityGlobals) = postSolution
		SolutionGuid = {59191B2B-351F-4F64-9DBF-CE7BB82E7E9A}
	EndGlobalSection
EndGlobal
